# This file was autogenerated by Stack.
# You should not edit this file by hand.
# For more information, please see the documentation at:
#   https://docs.haskellstack.org/en/stable/lock_files

packages:
- completed:
    hackage: elm-street-0.1.0.2@sha256:f5f2fd14a680731baa02523b70a1b6fe8560eae130e467bf3d48b97f79f056cd,4372
    pantry-tree:
      size: 1190
      sha256: 84cfee177d6897fee7f0b265d66c49effe80e0bf93e45ed3e6a6d855794c71f7
  original:
    hackage: elm-street-0.1.0.2
snapshots:
- completed:
    size: 496112
    url: https://raw.githubusercontent.com/commercialhaskell/stackage-snapshots/master/lts/15/13.yaml
    sha256: 75a1a0f870e1876898b117b0e443f911b3fa2985bfabb53158c81ab5765beda5
  original: lts-15.13
